
Microsoft Visual Studio Solution File, Format Version 12.00
# Visual Studio Version 17
VisualStudioVersion = 17.8.34525.116
MinimumVisualStudioVersion = 10.0.40219.1
Project("{FAE04EC0-301F-11D3-BF4B-00C04F79EFBC}") = "Week7Functions", "Week7Functions\Week7Functions.csproj", "{4DCE05CA-0CCF-417C-B77B-74F29D5C2CBC}"
EndProject
Project("{FAE04EC0-301F-11D3-BF4B-00C04F79EFBC}") = "ArgumentsAndParameters", "ArgumentsAndParameters\ArgumentsAndParameters.csproj", "{B8DDCD39-1A33-4C24-87E7-26FF839311FE}"
EndProject
Project("{FAE04EC0-301F-11D3-BF4B-00C04F79EFBC}") = "Calculator", "Calculator\Calculator.csproj", "{8B32BBD2-D7E6-40A6-AC4A-43EC503D1F0C}"
EndProject
Project("{FAE04EC0-301F-11D3-BF4B-00C04F79EFBC}") = "DiscountCalculator", "DiscountCalculator\DiscountCalculator.csproj", "{CFA97CB1-3D77-46A2-90F2-7383F28130DC}"
EndProject
Global
	GlobalSection(SolutionConfigurationPlatforms) = preSolution
		Debug|Any CPU = Debug|Any CPU
		Release|Any CPU = Release|Any CPU
	EndGlobalSection
	GlobalSection(ProjectConfigurationPlatforms) = postSolution
		{4DCE05CA-0CCF-417C-B77B-74F29D5C2CBC}.Debug|Any CPU.ActiveCfg = Debug|Any CPU
		{4DCE05CA-0CCF-417C-B77B-74F29D5C2CBC}.Debug|Any CPU.Build.0 = Debug|Any CPU
		{4DCE05CA-0CCF-417C-B77B-74F29D5C2CBC}.Release|Any CPU.ActiveCfg = Release|Any CPU
		{4DCE05CA-0CCF-417C-B77B-74F29D5C2CBC}.Release|Any CPU.Build.0 = Release|Any CPU
		{B8DDCD39-1A33-4C24-87E7-26FF839311FE}.Debug|Any CPU.ActiveCfg = Debug|Any CPU
		{B8DDCD39-1A33-4C24-87E7-26FF839311FE}.Debug|Any CPU.Build.0 = Debug|Any CPU
		{B8DDCD39-1A33-4C24-87E7-26FF839311FE}.Release|Any CPU.ActiveCfg = Release|Any CPU
		{B8DDCD39-1A33-4C24-87E7-26FF839311FE}.Release|Any CPU.Build.0 = Release|Any CPU
		{8B32BBD2-D7E6-40A6-AC4A-43EC503D1F0C}.Debug|Any CPU.ActiveCfg = Debug|Any CPU
		{8B32BBD2-D7E6-40A6-AC4A-43EC503D1F0C}.Debug|Any CPU.Build.0 = Debug|Any CPU
		{8B32BBD2-D7E6-40A6-AC4A-43EC503D1F0C}.Release|Any CPU.ActiveCfg = Release|Any CPU
		{8B32BBD2-D7E6-40A6-AC4A-43EC503D1F0C}.Release|Any CPU.Build.0 = Release|Any CPU
		{CFA97CB1-3D77-46A2-90F2-7383F28130DC}.Debug|Any CPU.ActiveCfg = Debug|Any CPU
		{CFA97CB1-3D77-46A2-90F2-7383F28130DC}.Debug|Any CPU.Build.0 = Debug|Any CPU
		{CFA97CB1-3D77-46A2-90F2-7383F28130DC}.Release|Any CPU.ActiveCfg = Release|Any CPU
		{CFA97CB1-3D77-46A2-90F2-7383F28130DC}.Release|Any CPU.Build.0 = Release|Any CPU
	EndGlobalSection
	GlobalSection(SolutionProperties) = preSolution
		HideSolutionNode = FALSE
	EndGlobalSection
	GlobalSection(ExtensibilityGlobals) = postSolution
		SolutionGuid = {0483A881-0356-4CEB-948F-B466965CDCF7}
	EndGlobalSection
EndGlobal
